
Microsoft Visual Studio Solution File, Format Version 12.00
# Visual Studio Version 17
VisualStudioVersion = 17.1.32421.90
MinimumVisualStudioVersion = 10.0.40219.1
Project("{FAE04EC0-301F-11D3-BF4B-00C04F79EFBC}") = "Myitian.NbtSerDes", "Myitian.NbtSerDes\Myitian.NbtSerDes.csproj", "{7AF612CB-D1B5-4C1A-AF75-021E2098808E}"
EndProject
Global
	GlobalSection(SolutionConfigurationPlatforms) = preSolution
		Debug|Any CPU = Debug|Any CPU
		Release|Any CPU = Release|Any CPU
	EndGlobalSection
	GlobalSection(ProjectConfigurationPlatforms) = postSolution
		{7AF612CB-D1B5-4C1A-AF75-021E2098808E}.Debug|Any CPU.ActiveCfg = Debug|Any CPU
		{7AF612CB-D1B5-4C1A-AF75-021E2098808E}.Debug|Any CPU.Build.0 = Debug|Any CPU
		{7AF612CB-D1B5-4C1A-AF75-021E2098808E}.Release|Any CPU.ActiveCfg = Release|Any CPU
		{7AF612CB-D1B5-4C1A-AF75-021E2098808E}.Release|Any CPU.Build.0 = Release|Any CPU
	EndGlobalSection
	GlobalSection(SolutionProperties) = preSolution
		HideSolutionNode = FALSE
	EndGlobalSection
	GlobalSection(ExtensibilityGlobals) = postSolution
		SolutionGuid = {EE6B1C35-0B9B-4E3C-975F-3B4380E766D6}
	EndGlobalSection
EndGlobal
